// !$*UTF8*$!
{
	archiveVersion = 1;
	classes = {
	};
	objectVersion = 46;
	objects = {

/* Begin PBXBuildFile section */
		36CDBE4C0C391DFB0F60425D /* Pods_MPZhiHuDailyTests.framework in Frameworks */ = {isa = PBXBuildFile; fileRef = CD4F8D77D1E1CBCBA4AEBB03 /* Pods_MPZhiHuDailyTests.framework */; };
		422F2D1749977E1F2767FFB0 /* Pods_MPZhiHuDailyUITests.framework in Frameworks */ = {isa = PBXBuildFile; fileRef = 5E9D76B23928B38B70955EAE /* Pods_MPZhiHuDailyUITests.framework */; };
		7E70B2546414D661F4482C0C /* Pods_MPZhiHuDaily.framework in Frameworks */ = {isa = PBXBuildFile; fileRef = DC0D9DCE418510414B92E541 /* Pods_MPZhiHuDaily.framework */; };
		F5615B5D1F3D98A4007D3390 /* AppDelegate.swift in Sources */ = {isa = PBXBuildFile; fileRef = F5615B5C1F3D98A4007D3390 /* AppDelegate.swift */; };
		F5615B5F1F3D98A4007D3390 /* ViewController.swift in Sources */ = {isa = PBXBuildFile; fileRef = F5615B5E1F3D98A4007D3390 /* ViewController.swift */; };
		F5615B621F3D98A4007D3390 /* Main.storyboard in Resources */ = {isa = PBXBuildFile; fileRef = F5615B601F3D98A4007D3390 /* Main.storyboard */; };
		F5615B641F3D98A4007D3390 /* Assets.xcassets in Resources */ = {isa = PBXBuildFile; fileRef = F5615B631F3D98A4007D3390 /* Assets.xcassets */; };
		F5615B671F3D98A4007D3390 /* LaunchScreen.storyboard in Resources */ = {isa = PBXBuildFile; fileRef = F5615B651F3D98A4007D3390 /* LaunchScreen.storyboard */; };
		F5615B721F3D98A4007D3390 /* MPZhiHuDailyTests.swift in Sources */ = {isa = PBXBuildFile; fileRef = F5615B711F3D98A4007D3390 /* MPZhiHuDailyTests.swift */; };
		F5615B7D1F3D98A4007D3390 /* MPZhiHuDailyUITests.swift in Sources */ = {isa = PBXBuildFile; fileRef = F5615B7C1F3D98A4007D3390 /* MPZhiHuDailyUITests.swift */; };
/* End PBXBuildFile section */

/* Begin PBXContainerItemProxy section */
		F5615B6E1F3D98A4007D3390 /* PBXContainerItemProxy */ = {
			isa = PBXContainerItemProxy;
			containerPortal = F5615B511F3D98A4007D3390 /* Project object */;
			proxyType = 1;
			remoteGlobalIDString = F5615B581F3D98A4007D3390;
			remoteInfo = MPZhiHuDaily;
		};
		F5615B791F3D98A4007D3390 /* PBXContainerItemProxy */ = {
			isa = PBXContainerItemProxy;
			containerPortal = F5615B511F3D98A4007D3390 /* Project object */;
			proxyType = 1;
			remoteGlobalIDString = F5615B581F3D98A4007D3390;
			remoteInfo = MPZhiHuDaily;
		};
/* End PBXContainerItemProxy section */

/* Begin PBXFileReference section */
		4EDE678A9FAE45945B86284B /* Pods-MPZhiHuDailyUITests.debug.xcconfig */ = {isa = PBXFileReference; includeInIndex = 1; lastKnownFileType = text.xcconfig; name = "Pods-MPZhiHuDailyUITests.debug.xcconfig"; path = "Pods/Target Support Files/Pods-MPZhiHuDailyUITests/Pods-MPZhiHuDailyUITests.debug.xcconfig"; sourceTree = "<group>"; };
		5B9EB1329EC0F7CBD21CCADD /* Pods-MPZhiHuDaily.debug.xcconfig */ = {isa = PBXFileReference; includeInIndex = 1; lastKnownFileType = text.xcconfig; name = "Pods-MPZhiHuDaily.debug.xcconfig"; path = "Pods/Target Support Files/Pods-MPZhiHuDaily/Pods-MPZhiHuDaily.debug.xcconfig"; sourceTree = "<group>"; };
		5E9D76B23928B38B70955EAE /* Pods_MPZhiHuDailyUITests.framework */ = {isa = PBXFileReference; explicitFileType = wrapper.framework; includeInIndex = 0; path = Pods_MPZhiHuDailyUITests.framework; sourceTree = BUILT_PRODUCTS_DIR; };
		80F34F4303AD2544916FD9EA /* Pods-MPZhiHuDailyTests.release.xcconfig */ = {isa = PBXFileReference; includeInIndex = 1; lastKnownFileType = text.xcconfig; name = "Pods-MPZhiHuDailyTests.release.xcconfig"; path = "Pods/Target Support Files/Pods-MPZhiHuDailyTests/Pods-MPZhiHuDailyTests.release.xcconfig"; sourceTree = "<group>"; };
		9C36E90F2D12A1E9C3DC2498 /* Pods-MPZhiHuDaily.release.xcconfig */ = {isa = PBXFileReference; includeInIndex = 1; lastKnownFileType = text.xcconfig; name = "Pods-MPZhiHuDaily.release.xcconfig"; path = "Pods/Target Support Files/Pods-MPZhiHuDaily/Pods-MPZhiHuDaily.release.xcconfig"; sourceTree = "<group>"; };
		CD4F8D77D1E1CBCBA4AEBB03 /* Pods_MPZhiHuDailyTests.framework */ = {isa = PBXFileReference; explicitFileType = wrapper.framework; includeInIndex = 0; path = Pods_MPZhiHuDailyTests.framework; sourceTree = BUILT_PRODUCTS_DIR; };
		CFD931C6BE2B3336ECB2F299 /* Pods-MPZhiHuDailyUITests.release.xcconfig */ = {isa = PBXFileReference; includeInIndex = 1; lastKnownFileType = text.xcconfig; name = "Pods-MPZhiHuDailyUITests.release.xcconfig"; path = "Pods/Target Support Files/Pods-MPZhiHuDailyUITests/Pods-MPZhiHuDailyUITests.release.xcconfig"; sourceTree = "<group>"; };
		DC0D9DCE418510414B92E541 /* Pods_MPZhiHuDaily.framework */ = {isa = PBXFileReference; explicitFileType = wrapper.framework; includeInIndex = 0; path = Pods_MPZhiHuDaily.framework; sourceTree = BUILT_PRODUCTS_DIR; };
		F5615B591F3D98A4007D3390 /* MPZhiHuDaily.app */ = {isa = PBXFileReference; explicitFileType = wrapper.application; includeInIndex = 0; path = MPZhiHuDaily.app; sourceTree = BUILT_PRODUCTS_DIR; };
		F5615B5C1F3D98A4007D3390 /* AppDelegate.swift */ = {isa = PBXFileReference; lastKnownFileType = sourcecode.swift; path = AppDelegate.swift; sourceTree = "<group>"; };
		F5615B5E1F3D98A4007D3390 /* ViewController.swift */ = {isa = PBXFileReference; lastKnownFileType = sourcecode.swift; path = ViewController.swift; sourceTree = "<group>"; };
		F5615B611F3D98A4007D3390 /* Base */ = {isa = PBXFileReference; lastKnownFileType = file.storyboard; name = Base; path = Base.lproj/Main.storyboard; sourceTree = "<group>"; };
		F5615B631F3D98A4007D3390 /* Assets.xcassets */ = {isa = PBXFileReference; lastKnownFileType = folder.assetcatalog; path = Assets.xcassets; sourceTree = "<group>"; };
		F5615B661F3D98A4007D3390 /* Base */ = {isa = PBXFileReference; lastKnownFileType = file.storyboard; name = Base; path = Base.lproj/LaunchScreen.storyboard; sourceTree = "<group>"; };
		F5615B681F3D98A4007D3390 /* Info.plist */ = {isa = PBXFileReference; lastKnownFileType = text.plist.xml; path = Info.plist; sourceTree = "<group>"; };
		F5615B6D1F3D98A4007D3390 /* MPZhiHuDailyTests.xctest */ = {isa = PBXFileReference; explicitFileType = wrapper.cfbundle; includeInIndex = 0; path = MPZhiHuDailyTests.xctest; sourceTree = BUILT_PRODUCTS_DIR; };
		F5615B711F3D98A4007D3390 /* MPZhiHuDailyTests.swift */ = {isa = PBXFileReference; lastKnownFileType = sourcecode.swift; path = MPZhiHuDailyTests.swift; sourceTree = "<group>"; };
		F5615B731F3D98A4007D3390 /* Info.plist */ = {isa = PBXFileReference; lastKnownFileType = text.plist.xml; path = Info.plist; sourceTree = "<group>"; };
		F5615B781F3D98A4007D3390 /* MPZhiHuDailyUITests.xctest */ = {isa = PBXFileReference; explicitFileType = wrapper.cfbundle; includeInIndex = 0; path = MPZhiHuDailyUITests.xctest; sourceTree = BUILT_PRODUCTS_DIR; };
		F5615B7C1F3D98A4007D3390 /* MPZhiHuDailyUITests.swift */ = {isa = PBXFileReference; lastKnownFileType = sourcecode.swift; path = MPZhiHuDailyUITests.swift; sourceTree = "<group>"; };
		F5615B7E1F3D98A4007D3390 /* Info.plist */ = {isa = PBXFileReference; lastKnownFileType = text.plist.xml; path = Info.plist; sourceTree = "<group>"; };
		FEC5D753C8158E2A162EF9CC /* Pods-MPZhiHuDailyTests.debug.xcconfig */ = {isa = PBXFileReference; includeInIndex = 1; lastKnownFileType = text.xcconfig; name = "Pods-MPZhiHuDailyTests.debug.xcconfig"; path = "Pods/Target Support Files/Pods-MPZhiHuDailyTests/Pods-MPZhiHuDailyTests.debug.xcconfig"; sourceTree = "<group>"; };
/* End PBXFileReference section */

/* Begin PBXFrameworksBuildPhase section */
		F5615B561F3D98A4007D3390 /* Frameworks */ = {
			isa = PBXFrameworksBuildPhase;
			buildActionMask = 2147483647;
			files = (
				7E70B2546414D661F4482C0C /* Pods_MPZhiHuDaily.framework in Frameworks */,
			);
			runOnlyForDeploymentPostprocessing = 0;
		};
		F5615B6A1F3D98A4007D3390 /* Frameworks */ = {
			isa = PBXFrameworksBuildPhase;
			buildActionMask = 2147483647;
			files = (
				36CDBE4C0C391DFB0F60425D /* Pods_MPZhiHuDailyTests.framework in Frameworks */,
			);
			runOnlyForDeploymentPostprocessing = 0;
		};
		F5615B751F3D98A4007D3390 /* Frameworks */ = {
			isa = PBXFrameworksBuildPhase;
			buildActionMask = 2147483647;
			files = (
				422F2D1749977E1F2767FFB0 /* Pods_MPZhiHuDailyUITests.framework in Frameworks */,
			);
			runOnlyForDeploymentPostprocessing = 0;
		};
/* End PBXFrameworksBuildPhase section */

/* Begin PBXGroup section */
		2E5778B8B71E347FD27ED31B /* Pods */ = {
			isa = PBXGroup;
			children = (
				5B9EB1329EC0F7CBD21CCADD /* Pods-MPZhiHuDaily.debug.xcconfig */,
				9C36E90F2D12A1E9C3DC2498 /* Pods-MPZhiHuDaily.release.xcconfig */,
				FEC5D753C8158E2A162EF9CC /* Pods-MPZhiHuDailyTests.debug.xcconfig */,
				80F34F4303AD2544916FD9EA /* Pods-MPZhiHuDailyTests.release.xcconfig */,
				4EDE678A9FAE45945B86284B /* Pods-MPZhiHuDailyUITests.debug.xcconfig */,
				CFD931C6BE2B3336ECB2F299 /* Pods-MPZhiHuDailyUITests.release.xcconfig */,
			);
			name = Pods;
			sourceTree = "<group>";
		};
		9505E2F6D5AB95B973999DD1 /* Frameworks */ = {
			isa = PBXGroup;
			children = (
				DC0D9DCE418510414B92E541 /* Pods_MPZhiHuDaily.framework */,
				CD4F8D77D1E1CBCBA4AEBB03 /* Pods_MPZhiHuDailyTests.framework */,
				5E9D76B23928B38B70955EAE /* Pods_MPZhiHuDailyUITests.framework */,
			);
			name = Frameworks;
			sourceTree = "<group>";
		};
		F5615B501F3D98A4007D3390 = {
			isa = PBXGroup;
			children = (
				F5615B5B1F3D98A4007D3390 /* MPZhiHuDaily */,
				F5615B701F3D98A4007D3390 /* MPZhiHuDailyTests */,
				F5615B7B1F3D98A4007D3390 /* MPZhiHuDailyUITests */,
				F5615B5A1F3D98A4007D3390 /* Products */,
				2E5778B8B71E347FD27ED31B /* Pods */,
				9505E2F6D5AB95B973999DD1 /* Frameworks */,
			);
			sourceTree = "<group>";
		};
		F5615B5A1F3D98A4007D3390 /* Products */ = {
			isa = PBXGroup;
			children = (
				F5615B591F3D98A4007D3390 /* MPZhiHuDaily.app */,
				F5615B6D1F3D98A4007D3390 /* MPZhiHuDailyTests.xctest */,
				F5615B781F3D98A4007D3390 /* MPZhiHuDailyUITests.xctest */,
			);
			name = Products;
			sourceTree = "<group>";
		};
		F5615B5B1F3D98A4007D3390 /* MPZhiHuDaily */ = {
			isa = PBXGroup;
			children = (
				F5615B5C1F3D98A4007D3390 /* AppDelegate.swift */,
				F5615B5E1F3D98A4007D3390 /* ViewController.swift */,
				F5615B601F3D98A4007D3390 /* Main.storyboard */,
				F5615B631F3D98A4007D3390 /* Assets.xcassets */,
				F5615B651F3D98A4007D3390 /* LaunchScreen.storyboard */,
				F5615B681F3D98A4007D3390 /* Info.plist */,
			);
			path = MPZhiHuDaily;
			sourceTree = "<group>";
		};
		F5615B701F3D98A4007D3390 /* MPZhiHuDailyTests */ = {
			isa = PBXGroup;
			children = (
				F5615B711F3D98A4007D3390 /* MPZhiHuDailyTests.swift */,
				F5615B731F3D98A4007D3390 /* Info.plist */,
			);
			path = MPZhiHuDailyTests;
			sourceTree = "<group>";
		};
		F5615B7B1F3D98A4007D3390 /* MPZhiHuDailyUITests */ = {
			isa = PBXGroup;
			children = (
				F5615B7C1F3D98A4007D3390 /* MPZhiHuDailyUITests.swift */,
				F5615B7E1F3D98A4007D3390 /* Info.plist */,
			);
			path = MPZhiHuDailyUITests;
			sourceTree = "<group>";
		};
/* End PBXGroup section */

/* Begin PBXNativeTarget section */
		F5615B581F3D98A4007D3390 /* MPZhiHuDaily */ = {
			isa = PBXNativeTarget;
			buildConfigurationList = F5615B811F3D98A4007D3390 /* Build configuration list for PBXNativeTarget "MPZhiHuDaily" */;
			buildPhases = (
				24513F4CBDC8F0615C494C32 /* [CP] Check Pods Manifest.lock */,
				F5615B551F3D98A4007D3390 /* Sources */,
				F5615B561F3D98A4007D3390 /* Frameworks */,
				F5615B571F3D98A4007D3390 /* Resources */,
				EA5EEFAE02BD0D6DEA569D42 /* [CP] Embed Pods Frameworks */,
				36A3F50A565D899D7F41191B /* [CP] Copy Pods Resources */,
			);
			buildRules = (
			);
			dependencies = (
			);
			name = MPZhiHuDaily;
			productName = MPZhiHuDaily;
			productReference = F5615B591F3D98A4007D3390 /* MPZhiHuDaily.app */;
			productType = "com.apple.product-type.application";
		};
		F5615B6C1F3D98A4007D3390 /* MPZhiHuDailyTests */ = {
			isa = PBXNativeTarget;
			buildConfigurationList = F5615B841F3D98A4007D3390 /* Build configuration list for PBXNativeTarget "MPZhiHuDailyTests" */;
			buildPhases = (
				3E32A698F2D405BE77F042F8 /* [CP] Check Pods Manifest.lock */,
				F5615B691F3D98A4007D3390 /* Sources */,
				F5615B6A1F3D98A4007D3390 /* Frameworks */,
				F5615B6B1F3D98A4007D3390 /* Resources */,
				890507F4368D5317D80991E5 /* [CP] Embed Pods Frameworks */,
				6EB8194B6F1073176EAC0325 /* [CP] Copy Pods Resources */,
			);
			buildRules = (
			);
			dependencies = (
				F5615B6F1F3D98A4007D3390 /* PBXTargetDependency */,
			);
			name = MPZhiHuDailyTests;
			productName = MPZhiHuDailyTests;
			productReference = F5615B6D1F3D98A4007D3390 /* MPZhiHuDailyTests.xctest */;
			productType = "com.apple.product-type.bundle.unit-test";
		};
		F5615B771F3D98A4007D3390 /* MPZhiHuDailyUITests */ = {
			isa = PBXNativeTarget;
			buildConfigurationList = F5615B871F3D98A4007D3390 /* Build configuration list for PBXNativeTarget "MPZhiHuDailyUITests" */;
			buildPhases = (
				1A6D684EC315630271D0796B /* [CP] Check Pods Manifest.lock */,
				F5615B741F3D98A4007D3390 /* Sources */,
				F5615B751F3D98A4007D3390 /* Frameworks */,
				F5615B761F3D98A4007D3390 /* Resources */,
				556F0C5C529564F7ED73361D /* [CP] Embed Pods Frameworks */,
				3BDEF3B5137922B4B5C7747F /* [CP] Copy Pods Resources */,
			);
			buildRules = (
			);
			dependencies = (
				F5615B7A1F3D98A4007D3390 /* PBXTargetDependency */,
			);
			name = MPZhiHuDailyUITests;
			productName = MPZhiHuDailyUITests;
			productReference = F5615B781F3D98A4007D3390 /* MPZhiHuDailyUITests.xctest */;
			productType = "com.apple.product-type.bundle.ui-testing";
		};
/* End PBXNativeTarget section */

/* Begin PBXProject section */
		F5615B511F3D98A4007D3390 /* Project object */ = {
			isa = PBXProject;
			attributes = {
				LastSwiftUpdateCheck = 0830;
				LastUpgradeCheck = 0830;
				ORGANIZATIONNAME = Maple;
				TargetAttributes = {
					F5615B581F3D98A4007D3390 = {
						CreatedOnToolsVersion = 8.3.2;
						DevelopmentTeam = 53D2P848US;
						ProvisioningStyle = Automatic;
					};
					F5615B6C1F3D98A4007D3390 = {
						CreatedOnToolsVersion = 8.3.2;
						DevelopmentTeam = 53D2P848US;
						ProvisioningStyle = Automatic;
						TestTargetID = F5615B581F3D98A4007D3390;
					};
					F5615B771F3D98A4007D3390 = {
						CreatedOnToolsVersion = 8.3.2;
						DevelopmentTeam = 53D2P848US;
						ProvisioningStyle = Automatic;
						TestTargetID = F5615B581F3D98A4007D3390;
					};
				};
			};
			buildConfigurationList = F5615B541F3D98A4007D3390 /* Build configuration list for PBXProject "MPZhiHuDaily" */;
			compatibilityVersion = "Xcode 3.2";
			developmentRegion = English;
			hasScannedForEncodings = 0;
			knownRegions = (
				en,
				Base,
			);
			mainGroup = F5615B501F3D98A4007D3390;
			productRefGroup = F5615B5A1F3D98A4007D3390 /* Products */;
			projectDirPath = "";
			projectRoot = "";
			targets = (
				F5615B581F3D98A4007D3390 /* MPZhiHuDaily */,
				F5615B6C1F3D98A4007D3390 /* MPZhiHuDailyTests */,
				F5615B771F3D98A4007D3390 /* MPZhiHuDailyUITests */,
			);
		};
/* End PBXProject section */

/* Begin PBXResourcesBuildPhase section */
		F5615B571F3D98A4007D3390 /* Resources */ = {
			isa = PBXResourcesBuildPhase;
			buildActionMask = 2147483647;
			files = (
				F5615B671F3D98A4007D3390 /* LaunchScreen.storyboard in Resources */,
				F5615B641F3D98A4007D3390 /* Assets.xcassets in Resources */,
				F5615B621F3D98A4007D3390 /* Main.storyboard in Resources */,
			);
			runOnlyForDeploymentPostprocessing = 0;
		};
		F5615B6B1F3D98A4007D3390 /* Resources */ = {
			isa = PBXResourcesBuildPhase;
			buildActionMask = 2147483647;
			files = (
			);
			runOnlyForDeploymentPostprocessing = 0;
		};
		F5615B761F3D98A4007D3390 /* Resources */ = {
			isa = PBXResourcesBuildPhase;
			buildActionMask = 2147483647;
			files = (
			);
			runOnlyForDeploymentPostprocessing = 0;
		};
/* End PBXResourcesBuildPhase section */

/* Begin PBXShellScriptBuildPhase section */
		1A6D684EC315630271D0796B /* [CP] Check Pods Manifest.lock */ = {
			isa = PBXShellScriptBuildPhase;
			buildActionMask = 2147483647;
			files = (
			);
			inputPaths = (
			);
			name = "[CP] Check Pods Manifest.lock";
			outputPaths = (
			);
			runOnlyForDeploymentPostprocessing = 0;
			shellPath = /bin/sh;
			shellScript = "diff \"${PODS_ROOT}/../Podfile.lock\" \"${PODS_ROOT}/Manifest.lock\" > /dev/null\nif [ $? != 0 ] ; then\n    # print error to STDERR\n    echo \"error: The sandbox is not in sync with the Podfile.lock. Run 'pod install' or update your CocoaPods installation.\" >&2\n    exit 1\nfi\n";
			showEnvVarsInLog = 0;
		};
		24513F4CBDC8F0615C494C32 /* [CP] Check Pods Manifest.lock */ = {
			isa = PBXShellScriptBuildPhase;
			buildActionMask = 2147483647;
			files = (
			);
			inputPaths = (
			);
			name = "[CP] Check Pods Manifest.lock";
			outputPaths = (
			);
			runOnlyForDeploymentPostprocessing = 0;
			shellPath = /bin/sh;
			shellScript = "diff \"${PODS_ROOT}/../Podfile.lock\" \"${PODS_ROOT}/Manifest.lock\" > /dev/null\nif [ $? != 0 ] ; then\n    # print error to STDERR\n    echo \"error: The sandbox is not in sync with the Podfile.lock. Run 'pod install' or update your CocoaPods installation.\" >&2\n    exit 1\nfi\n";
			showEnvVarsInLog = 0;
		};
		36A3F50A565D899D7F41191B /* [CP] Copy Pods Resources */ = {
			isa = PBXShellScriptBuildPhase;
			buildActionMask = 2147483647;
			files = (
			);
			inputPaths = (
			);
			name = "[CP] Copy Pods Resources";
			outputPaths = (
			);
			runOnlyForDeploymentPostprocessing = 0;
			shellPath = /bin/sh;
			shellScript = "\"${SRCROOT}/Pods/Target Support Files/Pods-MPZhiHuDaily/Pods-MPZhiHuDaily-resources.sh\"\n";
			showEnvVarsInLog = 0;
		};
		3BDEF3B5137922B4B5C7747F /* [CP] Copy Pods Resources */ = {
			isa = PBXShellScriptBuildPhase;
			buildActionMask = 2147483647;
			files = (
			);
			inputPaths = (
			);
			name = "[CP] Copy Pods Resources";
			outputPaths = (
			);
			runOnlyForDeploymentPostprocessing = 0;
			shellPath = /bin/sh;
			shellScript = "\"${SRCROOT}/Pods/Target Support Files/Pods-MPZhiHuDailyUITests/Pods-MPZhiHuDailyUITests-resources.sh\"\n";
			showEnvVarsInLog = 0;
		};
		3E32A698F2D405BE77F042F8 /* [CP] Check Pods Manifest.lock */ = {
			isa = PBXShellScriptBuildPhase;
			buildActionMask = 2147483647;
			files = (
			);
			inputPaths = (
			);
			name = "[CP] Check Pods Manifest.lock";
			outputPaths = (
			);
			runOnlyForDeploymentPostprocessing = 0;
			shellPath = /bin/sh;
			shellScript = "diff \"${PODS_ROOT}/../Podfile.lock\" \"${PODS_ROOT}/Manifest.lock\" > /dev/null\nif [ $? != 0 ] ; then\n    # print error to STDERR\n    echo \"error: The sandbox is not in sync with the Podfile.lock. Run 'pod install' or update your CocoaPods installation.\" >&2\n    exit 1\nfi\n";
			showEnvVarsInLog = 0;
		};
		556F0C5C529564F7ED73361D /* [CP] Embed Pods Frameworks */ = {
			isa = PBXShellScriptBuildPhase;
			buildActionMask = 2147483647;
			files = (
			);
			inputPaths = (
			);
			name = "[CP] Embed Pods Frameworks";
			outputPaths = (
			);
			runOnlyForDeploymentPostprocessing = 0;
			shellPath = /bin/sh;
			shellScript = "\"${SRCROOT}/Pods/Target Support Files/Pods-MPZhiHuDailyUITests/Pods-MPZhiHuDailyUITests-frameworks.sh\"\n";
			showEnvVarsInLog = 0;
		};
		6EB8194B6F1073176EAC0325 /* [CP] Copy Pods Resources */ = {
			isa = PBXShellScriptBuildPhase;
			buildActionMask = 2147483647;
			files = (
			);
			inputPaths = (
			);
			name = "[CP] Copy Pods Resources";
			outputPaths = (
			);
			runOnlyForDeploymentPostprocessing = 0;
			shellPath = /bin/sh;
			shellScript = "\"${SRCROOT}/Pods/Target Support Files/Pods-MPZhiHuDailyTests/Pods-MPZhiHuDailyTests-resources.sh\"\n";
			showEnvVarsInLog = 0;
		};
		890507F4368D5317D80991E5 /* [CP] Embed Pods Frameworks */ = {
			isa = PBXShellScriptBuildPhase;
			buildActionMask = 2147483647;
			files = (
			);
			inputPaths = (
			);
			name = "[CP] Embed Pods Frameworks";
			outputPaths = (
			);
			runOnlyForDeploymentPostprocessing = 0;
			shellPath = /bin/sh;
			shellScript = "\"${SRCROOT}/Pods/Target Support Files/Pods-MPZhiHuDailyTests/Pods-MPZhiHuDailyTests-frameworks.sh\"\n";
			showEnvVarsInLog = 0;
		};
		EA5EEFAE02BD0D6DEA569D42 /* [CP] Embed Pods Frameworks */ = {
			isa = PBXShellScriptBuildPhase;
			buildActionMask = 2147483647;
			files = (
			);
			inputPaths = (
			);
			name = "[CP] Embed Pods Frameworks";
			outputPaths = (
			);
			runOnlyForDeploymentPostprocessing = 0;
			shellPath = /bin/sh;
			shellScript = "\"${SRCROOT}/Pods/Target Support Files/Pods-MPZhiHuDaily/Pods-MPZhiHuDaily-frameworks.sh\"\n";
			showEnvVarsInLog = 0;
		};
/* End PBXShellScriptBuildPhase section */

/* Begin PBXSourcesBuildPhase section */
		F5615B551F3D98A4007D3390 /* Sources */ = {
			isa = PBXSourcesBuildPhase;
			buildActionMask = 2147483647;
			files = (
				F5615B5F1F3D98A4007D3390 /* ViewController.swift in Sources */,
				F5615B5D1F3D98A4007D3390 /* AppDelegate.swift in Sources */,
			);
			runOnlyForDeploymentPostprocessing = 0;
		};
		F5615B691F3D98A4007D3390 /* Sources */ = {
			isa = PBXSourcesBuildPhase;
			buildActionMask = 2147483647;
			files = (
				F5615B721F3D98A4007D3390 /* MPZhiHuDailyTests.swift in Sources */,
			);
			runOnlyForDeploymentPostprocessing = 0;
		};
		F5615B741F3D98A4007D3390 /* Sources */ = {
			isa = PBXSourcesBuildPhase;
			buildActionMask = 2147483647;
			files = (
				F5615B7D1F3D98A4007D3390 /* MPZhiHuDailyUITests.swift in Sources */,
			);
			runOnlyForDeploymentPostprocessing = 0;
		};
/* End PBXSourcesBuildPhase section */

/* Begin PBXTargetDependency section */
		F5615B6F1F3D98A4007D3390 /* PBXTargetDependency */ = {
			isa = PBXTargetDependency;
			target = F5615B581F3D98A4007D3390 /* MPZhiHuDaily */;
			targetProxy = F5615B6E1F3D98A4007D3390 /* PBXContainerItemProxy */;
		};
		F5615B7A1F3D98A4007D3390 /* PBXTargetDependency */ = {
			isa = PBXTargetDependency;
			target = F5615B581F3D98A4007D3390 /* MPZhiHuDaily */;
			targetProxy = F5615B791F3D98A4007D3390 /* PBXContainerItemProxy */;
		};
/* End PBXTargetDependency section */

/* Begin PBXVariantGroup section */
		F5615B601F3D98A4007D3390 /* Main.storyboard */ = {
			isa = PBXVariantGroup;
			children = (
				F5615B611F3D98A4007D3390 /* Base */,
			);
			name = Main.storyboard;
			sourceTree = "<group>";
		};
		F5615B651F3D98A4007D3390 /* LaunchScreen.storyboard */ = {
			isa = PBXVariantGroup;
			children = (
				F5615B661F3D98A4007D3390 /* Base */,
			);
			name = LaunchScreen.storyboard;
			sourceTree = "<group>";
		};
/* End PBXVariantGroup section */

/* Begin XCBuildConfiguration section */
		F5615B7F1F3D98A4007D3390 /* Debug */ = {
			isa = XCBuildConfiguration;
			buildSettings = {
				ALWAYS_SEARCH_USER_PATHS = NO;
				CLANG_ANALYZER_NONNULL = YES;
				CLANG_ANALYZER_NUMBER_OBJECT_CONVERSION = YES_AGGRESSIVE;
				CLANG_CXX_LANGUAGE_STANDARD = "gnu++0x";
				CLANG_CXX_LIBRARY = "libc++";
				CLANG_ENABLE_MODULES = YES;
				CLANG_ENABLE_OBJC_ARC = YES;
				CLANG_WARN_BOOL_CONVERSION = YES;
				CLANG_WARN_CONSTANT_CONVERSION = YES;
				CLANG_WARN_DIRECT_OBJC_ISA_USAGE = YES_ERROR;
				CLANG_WARN_DOCUMENTATION_COMMENTS = YES;
				CLANG_WARN_EMPTY_BODY = YES;
				CLANG_WARN_ENUM_CONVERSION = YES;
				CLANG_WARN_INFINITE_RECURSION = YES;
				CLANG_WARN_INT_CONVERSION = YES;
				CLANG_WARN_OBJC_ROOT_CLASS = YES_ERROR;
				CLANG_WARN_SUSPICIOUS_MOVE = YES;
				CLANG_WARN_UNREACHABLE_CODE = YES;
				CLANG_WARN__DUPLICATE_METHOD_MATCH = YES;
				"CODE_SIGN_IDENTITY[sdk=iphoneos*]" = "iPhone Developer";
				COPY_PHASE_STRIP = NO;
				DEBUG_INFORMATION_FORMAT = dwarf;
				ENABLE_STRICT_OBJC_MSGSEND = YES;
				ENABLE_TESTABILITY = YES;
				GCC_C_LANGUAGE_STANDARD = gnu99;
				GCC_DYNAMIC_NO_PIC = NO;
				GCC_NO_COMMON_BLOCKS = YES;
				GCC_OPTIMIZATION_LEVEL = 0;
				GCC_PREPROCESSOR_DEFINITIONS = (
					"DEBUG=1",
					"$(inherited)",
				);
				GCC_WARN_64_TO_32_BIT_CONVERSION = YES;
				GCC_WARN_ABOUT_RETURN_TYPE = YES_ERROR;
				GCC_WARN_UNDECLARED_SELECTOR = YES;
				GCC_WARN_UNINITIALIZED_AUTOS = YES_AGGRESSIVE;
				GCC_WARN_UNUSED_FUNCTION = YES;
				GCC_WARN_UNUSED_VARIABLE = YES;
				IPHONEOS_DEPLOYMENT_TARGET = 10.3;
				MTL_ENABLE_DEBUG_INFO = YES;
				ONLY_ACTIVE_ARCH = YES;
				SDKROOT = iphoneos;
				SWIFT_ACTIVE_COMPILATION_CONDITIONS = DEBUG;
				SWIFT_OPTIMIZATION_LEVEL = "-Onone";
				TARGETED_DEVICE_FAMILY = "1,2";
			};
			name = Debug;
		};
		F5615B801F3D98A4007D3390 /* Release */ = {
			isa = XCBuildConfiguration;
			buildSettings = {
				ALWAYS_SEARCH_USER_PATHS = NO;
				CLANG_ANALYZER_NONNULL = YES;
				CLANG_ANALYZER_NUMBER_OBJECT_CONVERSION = YES_AGGRESSIVE;
				CLANG_CXX_LANGUAGE_STANDARD = "gnu++0x";
				CLANG_CXX_LIBRARY = "libc++";
				CLANG_ENABLE_MODULES = YES;
				CLANG_ENABLE_OBJC_ARC = YES;
				CLANG_WARN_BOOL_CONVERSION = YES;
				CLANG_WARN_CONSTANT_CONVERSION = YES;
				CLANG_WARN_DIRECT_OBJC_ISA_USAGE = YES_ERROR;
				CLANG_WARN_DOCUMENTATION_COMMENTS = YES;
				CLANG_WARN_EMPTY_BODY = YES;
				CLANG_WARN_ENUM_CONVERSION = YES;
				CLANG_WARN_INFINITE_RECURSION = YES;
				CLANG_WARN_INT_CONVERSION = YES;
				CLANG_WARN_OBJC_ROOT_CLASS = YES_ERROR;
				CLANG_WARN_SUSPICIOUS_MOVE = YES;
				CLANG_WARN_UNREACHABLE_CODE = YES;
				CLANG_WARN__DUPLICATE_METHOD_MATCH = YES;
				"CODE_SIGN_IDENTITY[sdk=iphoneos*]" = "iPhone Developer";
				COPY_PHASE_STRIP = NO;
				DEBUG_INFORMATION_FORMAT = "dwarf-with-dsym";
				ENABLE_NS_ASSERTIONS = NO;
				ENABLE_STRICT_OBJC_MSGSEND = YES;
				GCC_C_LANGUAGE_STANDARD = gnu99;
				GCC_NO_COMMON_BLOCKS = YES;
				GCC_WARN_64_TO_32_BIT_CONVERSION = YES;
				GCC_WARN_ABOUT_RETURN_TYPE = YES_ERROR;
				GCC_WARN_UNDECLARED_SELECTOR = YES;
				GCC_WARN_UNINITIALIZED_AUTOS = YES_AGGRESSIVE;
				GCC_WARN_UNUSED_FUNCTION = YES;
				GCC_WARN_UNUSED_VARIABLE = YES;
				IPHONEOS_DEPLOYMENT_TARGET = 10.3;
				MTL_ENABLE_DEBUG_INFO = NO;
				SDKROOT = iphoneos;
				SWIFT_OPTIMIZATION_LEVEL = "-Owholemodule";
				TARGETED_DEVICE_FAMILY = "1,2";
				VALIDATE_PRODUCT = YES;
			};
			name = Release;
		};
		F5615B821F3D98A4007D3390 /* Debug */ = {
			isa = XCBuildConfiguration;
			baseConfigurationReference = 5B9EB1329EC0F7CBD21CCADD /* Pods-MPZhiHuDaily.debug.xcconfig */;
			buildSettings = {
				ASSETCATALOG_COMPILER_APPICON_NAME = AppIcon;
				DEVELOPMENT_TEAM = 53D2P848US;
				INFOPLIST_FILE = MPZhiHuDaily/Info.plist;
				IPHONEOS_DEPLOYMENT_TARGET = 9.0;
				LD_RUNPATH_SEARCH_PATHS = "$(inherited) @executable_path/Frameworks";
				PRODUCT_BUNDLE_IDENTIFIER = com.maple.MPZhiHuDaily;
				PRODUCT_NAME = "$(TARGET_NAME)";
				SWIFT_VERSION = 3.0;
			};
			name = Debug;
		};
		F5615B831F3D98A4007D3390 /* Release */ = {
			isa = XCBuildConfiguration;
			baseConfigurationReference = 9C36E90F2D12A1E9C3DC2498 /* Pods-MPZhiHuDaily.release.xcconfig */;
			buildSettings = {
				ASSETCATALOG_COMPILER_APPICON_NAME = AppIcon;
				DEVELOPMENT_TEAM = 53D2P848US;
				INFOPLIST_FILE = MPZhiHuDaily/Info.plist;
				IPHONEOS_DEPLOYMENT_TARGET = 9.0;
				LD_RUNPATH_SEARCH_PATHS = "$(inherited) @executable_path/Frameworks";
				PRODUCT_BUNDLE_IDENTIFIER = com.maple.MPZhiHuDaily;
				PRODUCT_NAME = "$(TARGET_NAME)";
				SWIFT_VERSION = 3.0;
			};
			name = Release;
		};
		F5615B851F3D98A4007D3390 /* Debug */ = {
			isa = XCBuildConfiguration;
			baseConfigurationReference = FEC5D753C8158E2A162EF9CC /* Pods-MPZhiHuDailyTests.debug.xcconfig */;
			buildSettings = {
				ALWAYS_EMBED_SWIFT_STANDARD_LIBRARIES = YES;
				BUNDLE_LOADER = "$(TEST_HOST)";
				DEVELOPMENT_TEAM = 53D2P848US;
				INFOPLIST_FILE = MPZhiHuDailyTests/Info.plist;
				LD_RUNPATH_SEARCH_PATHS = "$(inherited) @executable_path/Frameworks @loader_path/Frameworks";
				PRODUCT_BUNDLE_IDENTIFIER = com.maple.MPZhiHuDailyTests;
				PRODUCT_NAME = "$(TARGET_NAME)";
				SWIFT_VERSION = 3.0;
				TEST_HOST = "$(BUILT_PRODUCTS_DIR)/MPZhiHuDaily.app/MPZhiHuDaily";
			};
			name = Debug;
		};
		F5615B861F3D98A4007D3390 /* Release */ = {
			isa = XCBuildConfiguration;
			baseConfigurationReference = 80F34F4303AD2544916FD9EA /* Pods-MPZhiHuDailyTests.release.xcconfig */;
			buildSettings = {
				ALWAYS_EMBED_SWIFT_STANDARD_LIBRARIES = YES;
				BUNDLE_LOADER = "$(TEST_HOST)";
				DEVELOPMENT_TEAM = 53D2P848US;
				INFOPLIST_FILE = MPZhiHuDailyTests/Info.plist;
				LD_RUNPATH_SEARCH_PATHS = "$(inherited) @executable_path/Frameworks @loader_path/Frameworks";
				PRODUCT_BUNDLE_IDENTIFIER = com.maple.MPZhiHuDailyTests;
				PRODUCT_NAME = "$(TARGET_NAME)";
				SWIFT_VERSION = 3.0;
				TEST_HOST = "$(BUILT_PRODUCTS_DIR)/MPZhiHuDaily.app/MPZhiHuDaily";
			};
			name = Release;
		};
		F5615B881F3D98A4007D3390 /* Debug */ = {
			isa = XCBuildConfiguration;
			baseConfigurationReference = 4EDE678A9FAE45945B86284B /* Pods-MPZhiHuDailyUITests.debug.xcconfig */;
			buildSettings = {
				ALWAYS_EMBED_SWIFT_STANDARD_LIBRARIES = YES;
				DEVELOPMENT_TEAM = 53D2P848US;
				INFOPLIST_FILE = MPZhiHuDailyUITests/Info.plist;
				LD_RUNPATH_SEARCH_PATHS = "$(inherited) @executable_path/Frameworks @loader_path/Frameworks";
				PRODUCT_BUNDLE_IDENTIFIER = com.maple.MPZhiHuDailyUITests;
				PRODUCT_NAME = "$(TARGET_NAME)";
				SWIFT_VERSION = 3.0;
				TEST_TARGET_NAME = MPZhiHuDaily;
			};
			name = Debug;
		};
		F5615B891F3D98A4007D3390 /* Release */ = {
			isa = XCBuildConfiguration;
			baseConfigurationReference = CFD931C6BE2B3336ECB2F299 /* Pods-MPZhiHuDailyUITests.release.xcconfig */;
			buildSettings = {
				ALWAYS_EMBED_SWIFT_STANDARD_LIBRARIES = YES;
				DEVELOPMENT_TEAM = 53D2P848US;
				INFOPLIST_FILE = MPZhiHuDailyUITests/Info.plist;
				LD_RUNPATH_SEARCH_PATHS = "$(inherited) @executable_path/Frameworks @loader_path/Frameworks";
				PRODUCT_BUNDLE_IDENTIFIER = com.maple.MPZhiHuDailyUITests;
				PRODUCT_NAME = "$(TARGET_NAME)";
				SWIFT_VERSION = 3.0;
				TEST_TARGET_NAME = MPZhiHuDaily;
			};
			name = Release;
		};
/* End XCBuildConfiguration section */

/* Begin XCConfigurationList section */
		F5615B541F3D98A4007D3390 /* Build configuration list for PBXProject "MPZhiHuDaily" */ = {
			isa = XCConfigurationList;
			buildConfigurations = (
				F5615B7F1F3D98A4007D3390 /* Debug */,
				F5615B801F3D98A4007D3390 /* Release */,
			);
			defaultConfigurationIsVisible = 0;
			defaultConfigurationName = Release;
		};
		F5615B811F3D98A4007D3390 /* Build configuration list for PBXNativeTarget "MPZhiHuDaily" */ = {
			isa = XCConfigurationList;
			buildConfigurations = (
				F5615B821F3D98A4007D3390 /* Debug */,
				F5615B831F3D98A4007D3390 /* Release */,
			);
			defaultConfigurationIsVisible = 0;
			defaultConfigurationName = Release;
		};
		F5615B841F3D98A4007D3390 /* Build configuration list for PBXNativeTarget "MPZhiHuDailyTests" */ = {
			isa = XCConfigurationList;
			buildConfigurations = (
				F5615B851F3D98A4007D3390 /* Debug */,
				F5615B861F3D98A4007D3390 /* Release */,
			);
			defaultConfigurationIsVisible = 0;
			defaultConfigurationName = Release;
		};
		F5615B871F3D98A4007D3390 /* Build configuration list for PBXNativeTarget "MPZhiHuDailyUITests" */ = {
			isa = XCConfigurationList;
			buildConfigurations = (
				F5615B881F3D98A4007D3390 /* Debug */,
				F5615B891F3D98A4007D3390 /* Release */,
			);
			defaultConfigurationIsVisible = 0;
			defaultConfigurationName = Release;
		};
/* End XCConfigurationList section */
	};
	rootObject = F5615B511F3D98A4007D3390 /* Project object */;
}
